
Microsoft Visual Studio Solution File, Format Version 12.00
# Visual Studio 15
VisualStudioVersion = 15.0.27428.2005
MinimumVisualStudioVersion = 10.0.40219.1
Project("{FAE04EC0-301F-11D3-BF4B-00C04F79EFBC}") = "LionTravelers", "LionTravelers\LionTravelers.csproj", "{6C42C9C0-DBA4-4CB7-995C-B7CA2EE484E7}"
EndProject
Global
	GlobalSection(SolutionConfigurationPlatforms) = preSolution
		Debug|Any CPU = Debug|Any CPU
		Release|Any CPU = Release|Any CPU
	EndGlobalSection
	GlobalSection(ProjectConfigurationPlatforms) = postSolution
		{6C42C9C0-DBA4-4CB7-995C-B7CA2EE484E7}.Debug|Any CPU.ActiveCfg = Debug|Any CPU
		{6C42C9C0-DBA4-4CB7-995C-B7CA2EE484E7}.Debug|Any CPU.Build.0 = Debug|Any CPU
		{6C42C9C0-DBA4-4CB7-995C-B7CA2EE484E7}.Release|Any CPU.ActiveCfg = Release|Any CPU
		{6C42C9C0-DBA4-4CB7-995C-B7CA2EE484E7}.Release|Any CPU.Build.0 = Release|Any CPU
	EndGlobalSection
	GlobalSection(SolutionProperties) = preSolution
		HideSolutionNode = FALSE
	EndGlobalSection
	GlobalSection(ExtensibilityGlobals) = postSolution
		SolutionGuid = {7F82BD3B-A9DC-4DAB-AAAF-6F1C39D8DB5A}
	EndGlobalSection
EndGlobal
